
Microsoft Visual Studio Solution File, Format Version 12.00
# Visual Studio Version 16
VisualStudioVersion = 16.0.30517.126
MinimumVisualStudioVersion = 15.0.26124.0
Project("{9A19103F-16F7-4668-BE54-9A1E7A4F7556}") = "IdentityServer", "src\IdentityServer\IdentityServer.csproj", "{92888359-1667-4A89-88BB-92D7B48C6AD6}"
EndProject
Project("{9A19103F-16F7-4668-BE54-9A1E7A4F7556}") = "Api", "src\Api\Api.csproj", "{7B5B987B-3B2B-417E-8797-6837F27C8AC2}"
EndProject
Project("{9A19103F-16F7-4668-BE54-9A1E7A4F7556}") = "Client", "src\Client\Client.csproj", "{02776564-0EE1-45CD-A86D-CB20FA019B93}"
EndProject
Global
	GlobalSection(SolutionConfigurationPlatforms) = preSolution
		Debug|Any CPU = Debug|Any CPU
		Debug|x64 = Debug|x64
		Debug|x86 = Debug|x86
		Release|Any CPU = Release|Any CPU
		Release|x64 = Release|x64
		Release|x86 = Release|x86
	EndGlobalSection
	GlobalSection(ProjectConfigurationPlatforms) = postSolution
		{92888359-1667-4A89-88BB-92D7B48C6AD6}.Debug|Any CPU.ActiveCfg = Debug|Any CPU
		{92888359-1667-4A89-88BB-92D7B48C6AD6}.Debug|Any CPU.Build.0 = Debug|Any CPU
		{92888359-1667-4A89-88BB-92D7B48C6AD6}.Debug|x64.ActiveCfg = Debug|Any CPU
		{92888359-1667-4A89-88BB-92D7B48C6AD6}.Debug|x64.Build.0 = Debug|Any CPU
		{92888359-1667-4A89-88BB-92D7B48C6AD6}.Debug|x86.ActiveCfg = Debug|Any CPU
		{92888359-1667-4A89-88BB-92D7B48C6AD6}.Debug|x86.Build.0 = Debug|Any CPU
		{92888359-1667-4A89-88BB-92D7B48C6AD6}.Release|Any CPU.ActiveCfg = Release|Any CPU
		{92888359-1667-4A89-88BB-92D7B48C6AD6}.Release|Any CPU.Build.0 = Release|Any CPU
		{92888359-1667-4A89-88BB-92D7B48C6AD6}.Release|x64.ActiveCfg = Release|Any CPU
		{92888359-1667-4A89-88BB-92D7B48C6AD6}.Release|x64.Build.0 = Release|Any CPU
		{92888359-1667-4A89-88BB-92D7B48C6AD6}.Release|x86.ActiveCfg = Release|Any CPU
		{92888359-1667-4A89-88BB-92D7B48C6AD6}.Release|x86.Build.0 = Release|Any CPU
		{7B5B987B-3B2B-417E-8797-6837F27C8AC2}.Debug|Any CPU.ActiveCfg = Debug|Any CPU
		{7B5B987B-3B2B-417E-8797-6837F27C8AC2}.Debug|Any CPU.Build.0 = Debug|Any CPU
		{7B5B987B-3B2B-417E-8797-6837F27C8AC2}.Debug|x64.ActiveCfg = Debug|Any CPU
		{7B5B987B-3B2B-417E-8797-6837F27C8AC2}.Debug|x64.Build.0 = Debug|Any CPU
		{7B5B987B-3B2B-417E-8797-6837F27C8AC2}.Debug|x86.ActiveCfg = Debug|Any CPU
		{7B5B987B-3B2B-417E-8797-6837F27C8AC2}.Debug|x86.Build.0 = Debug|Any CPU
		{7B5B987B-3B2B-417E-8797-6837F27C8AC2}.Release|Any CPU.ActiveCfg = Release|Any CPU
		{7B5B987B-3B2B-417E-8797-6837F27C8AC2}.Release|Any CPU.Build.0 = Release|Any CPU
		{7B5B987B-3B2B-417E-8797-6837F27C8AC2}.Release|x64.ActiveCfg = Release|Any CPU
		{7B5B987B-3B2B-417E-8797-6837F27C8AC2}.Release|x64.Build.0 = Release|Any CPU
		{7B5B987B-3B2B-417E-8797-6837F27C8AC2}.Release|x86.ActiveCfg = Release|Any CPU
		{7B5B987B-3B2B-417E-8797-6837F27C8AC2}.Release|x86.Build.0 = Release|Any CPU
		{02776564-0EE1-45CD-A86D-CB20FA019B93}.Debug|Any CPU.ActiveCfg = Debug|Any CPU
		{02776564-0EE1-45CD-A86D-CB20FA019B93}.Debug|Any CPU.Build.0 = Debug|Any CPU
		{02776564-0EE1-45CD-A86D-CB20FA019B93}.Debug|x64.ActiveCfg = Debug|Any CPU
		{02776564-0EE1-45CD-A86D-CB20FA019B93}.Debug|x64.Build.0 = Debug|Any CPU
		{02776564-0EE1-45CD-A86D-CB20FA019B93}.Debug|x86.ActiveCfg = Debug|Any CPU
		{02776564-0EE1-45CD-A86D-CB20FA019B93}.Debug|x86.Build.0 = Debug|Any CPU
		{02776564-0EE1-45CD-A86D-CB20FA019B93}.Release|Any CPU.ActiveCfg = Release|Any CPU
		{02776564-0EE1-45CD-A86D-CB20FA019B93}.Release|Any CPU.Build.0 = Release|Any CPU
		{02776564-0EE1-45CD-A86D-CB20FA019B93}.Release|x64.ActiveCfg = Release|Any CPU
		{02776564-0EE1-45CD-A86D-CB20FA019B93}.Release|x64.Build.0 = Release|Any CPU
		{02776564-0EE1-45CD-A86D-CB20FA019B93}.Release|x86.ActiveCfg = Release|Any CPU
		{02776564-0EE1-45CD-A86D-CB20FA019B93}.Release|x86.Build.0 = Release|Any CPU
	EndGlobalSection
	GlobalSection(SolutionProperties) = preSolution
		HideSolutionNode = FALSE
	EndGlobalSection
	GlobalSection(ExtensibilityGlobals) = postSolution
		SolutionGuid = {8A59AFF2-259F-4232-AA5C-7708C931F3ED}
	EndGlobalSection
EndGlobal
